
Microsoft Visual Studio Solution File, Format Version 12.00
# Visual Studio Version 16
VisualStudioVersion = 16.0.30225.117
MinimumVisualStudioVersion = 10.0.40219.1
Project("{9A19103F-16F7-4668-BE54-9A1E7A4F7556}") = "BlazorApp1", "BlazorApp1\BlazorApp1.csproj", "{8DF67057-5F6F-4FC2-A04F-B05AB6E88E0E}"
EndProject
Global
	GlobalSection(SolutionConfigurationPlatforms) = preSolution
		Debug|Any CPU = Debug|Any CPU
		Release|Any CPU = Release|Any CPU
	EndGlobalSection
	GlobalSection(ProjectConfigurationPlatforms) = postSolution
		{8DF67057-5F6F-4FC2-A04F-B05AB6E88E0E}.Debug|Any CPU.ActiveCfg = Debug|Any CPU
		{8DF67057-5F6F-4FC2-A04F-B05AB6E88E0E}.Debug|Any CPU.Build.0 = Debug|Any CPU
		{8DF67057-5F6F-4FC2-A04F-B05AB6E88E0E}.Release|Any CPU.ActiveCfg = Release|Any CPU
		{8DF67057-5F6F-4FC2-A04F-B05AB6E88E0E}.Release|Any CPU.Build.0 = Release|Any CPU
	EndGlobalSection
	GlobalSection(SolutionProperties) = preSolution
		HideSolutionNode = FALSE
	EndGlobalSection
	GlobalSection(ExtensibilityGlobals) = postSolution
		SolutionGuid = {43FCB38A-FCFB-4D6C-85A4-C518A64D82AC}
	EndGlobalSection
EndGlobal
